// !$*UTF8*$!
{
	archiveVersion = 1;
	classes = {
	};
	objectVersion = 46;
	objects = {

/* Begin PBXBuildFile section */
		84CC32A41896793E0094A34F /* Foundation.framework in Frameworks */ = {isa = PBXBuildFile; fileRef = 84CC32A31896793E0094A34F /* Foundation.framework */; };
		84CC32A61896793E0094A34F /* CoreGraphics.framework in Frameworks */ = {isa = PBXBuildFile; fileRef = 84CC32A51896793E0094A34F /* CoreGraphics.framework */; };
		84CC32A81896793E0094A34F /* UIKit.framework in Frameworks */ = {isa = PBXBuildFile; fileRef = 84CC32A71896793E0094A34F /* UIKit.framework */; };
		84CC32AE1896793E0094A34F /* InfoPlist.strings in Resources */ = {isa = PBXBuildFile; fileRef = 84CC32AC1896793E0094A34F /* InfoPlist.strings */; };
		84CC32B01896793E0094A34F /* main.m in Sources */ = {isa = PBXBuildFile; fileRef = 84CC32AF1896793E0094A34F /* main.m */; };
		84CC32B41896793E0094A34F /* AppDelegate.m in Sources */ = {isa = PBXBuildFile; fileRef = 84CC32B31896793E0094A34F /* AppDelegate.m */; };
		84CC32B71896793E0094A34F /* Main_iPhone.storyboard in Resources */ = {isa = PBXBuildFile; fileRef = 84CC32B51896793E0094A34F /* Main_iPhone.storyboard */; };
		84CC32BA1896793E0094A34F /* Main_iPad.storyboard in Resources */ = {isa = PBXBuildFile; fileRef = 84CC32B81896793E0094A34F /* Main_iPad.storyboard */; };
		84CC32BD1896793E0094A34F /* ViewController.m in Sources */ = {isa = PBXBuildFile; fileRef = 84CC32BC1896793E0094A34F /* ViewController.m */; };
		84CC32BF1896793E0094A34F /* Images.xcassets in Resources */ = {isa = PBXBuildFile; fileRef = 84CC32BE1896793E0094A34F /* Images.xcassets */; };
		84CC32C61896793E0094A34F /* XCTest.framework in Frameworks */ = {isa = PBXBuildFile; fileRef = 84CC32C51896793E0094A34F /* XCTest.framework */; };
		84CC32C71896793E0094A34F /* Foundation.framework in Frameworks */ = {isa = PBXBuildFile; fileRef = 84CC32A31896793E0094A34F /* Foundation.framework */; };
		84CC32C81896793E0094A34F /* UIKit.framework in Frameworks */ = {isa = PBXBuildFile; fileRef = 84CC32A71896793E0094A34F /* UIKit.framework */; };
		84CC32D01896793E0094A34F /* InfoPlist.strings in Resources */ = {isa = PBXBuildFile; fileRef = 84CC32CE1896793E0094A34F /* InfoPlist.strings */; };
		84CC32D21896793E0094A34F /* naukaTests.m in Sources */ = {isa = PBXBuildFile; fileRef = 84CC32D11896793E0094A34F /* naukaTests.m */; };
		84CC32DD18967C210094A34F /* Osoba.m in Sources */ = {isa = PBXBuildFile; fileRef = 84CC32DC18967C210094A34F /* Osoba.m */; };
		84CC32E0189683100094A34F /* Student.m in Sources */ = {isa = PBXBuildFile; fileRef = 84CC32DF189683100094A34F /* Student.m */; };
/* End PBXBuildFile section */

/* Begin PBXContainerItemProxy section */
		84CC32C91896793E0094A34F /* PBXContainerItemProxy */ = {
			isa = PBXContainerItemProxy;
			containerPortal = 84CC32981896793D0094A34F /* Project object */;
			proxyType = 1;
			remoteGlobalIDString = 84CC329F1896793E0094A34F;
			remoteInfo = nauka;
		};
/* End PBXContainerItemProxy section */

/* Begin PBXFileReference section */
		84CC32A01896793E0094A34F /* nauka.app */ = {isa = PBXFileReference; explicitFileType = wrapper.application; includeInIndex = 0; path = nauka.app; sourceTree = BUILT_PRODUCTS_DIR; };
		84CC32A31896793E0094A34F /* Foundation.framework */ = {isa = PBXFileReference; lastKnownFileType = wrapper.framework; name = Foundation.framework; path = System/Library/Frameworks/Foundation.framework; sourceTree = SDKROOT; };
		84CC32A51896793E0094A34F /* CoreGraphics.framework */ = {isa = PBXFileReference; lastKnownFileType = wrapper.framework; name = CoreGraphics.framework; path = System/Library/Frameworks/CoreGraphics.framework; sourceTree = SDKROOT; };
		84CC32A71896793E0094A34F /* UIKit.framework */ = {isa = PBXFileReference; lastKnownFileType = wrapper.framework; name = UIKit.framework; path = System/Library/Frameworks/UIKit.framework; sourceTree = SDKROOT; };
		84CC32AB1896793E0094A34F /* nauka-Info.plist */ = {isa = PBXFileReference; lastKnownFileType = text.plist.xml; path = "nauka-Info.plist"; sourceTree = "<group>"; };
		84CC32AD1896793E0094A34F /* en */ = {isa = PBXFileReference; lastKnownFileType = text.plist.strings; name = en; path = en.lproj/InfoPlist.strings; sourceTree = "<group>"; };
		84CC32AF1896793E0094A34F /* main.m */ = {isa = PBXFileReference; lastKnownFileType = sourcecode.c.objc; path = main.m; sourceTree = "<group>"; };
		84CC32B11896793E0094A34F /* nauka-Prefix.pch */ = {isa = PBXFileReference; lastKnownFileType = sourcecode.c.h; path = "nauka-Prefix.pch"; sourceTree = "<group>"; };
		84CC32B21896793E0094A34F /* AppDelegate.h */ = {isa = PBXFileReference; lastKnownFileType = sourcecode.c.h; path = AppDelegate.h; sourceTree = "<group>"; };
		84CC32B31896793E0094A34F /* AppDelegate.m */ = {isa = PBXFileReference; lastKnownFileType = sourcecode.c.objc; path = AppDelegate.m; sourceTree = "<group>"; };
		84CC32B61896793E0094A34F /* Base */ = {isa = PBXFileReference; lastKnownFileType = file.storyboard; name = Base; path = Base.lproj/Main_iPhone.storyboard; sourceTree = "<group>"; };
		84CC32B91896793E0094A34F /* Base */ = {isa = PBXFileReference; lastKnownFileType = file.storyboard; name = Base; path = Base.lproj/Main_iPad.storyboard; sourceTree = "<group>"; };
		84CC32BB1896793E0094A34F /* ViewController.h */ = {isa = PBXFileReference; lastKnownFileType = sourcecode.c.h; path = ViewController.h; sourceTree = "<group>"; };
		84CC32BC1896793E0094A34F /* ViewController.m */ = {isa = PBXFileReference; lastKnownFileType = sourcecode.c.objc; path = ViewController.m; sourceTree = "<group>"; };
		84CC32BE1896793E0094A34F /* Images.xcassets */ = {isa = PBXFileReference; lastKnownFileType = folder.assetcatalog; path = Images.xcassets; sourceTree = "<group>"; };
		84CC32C41896793E0094A34F /* naukaTests.xctest */ = {isa = PBXFileReference; explicitFileType = wrapper.cfbundle; includeInIndex = 0; path = naukaTests.xctest; sourceTree = BUILT_PRODUCTS_DIR; };
		84CC32C51896793E0094A34F /* XCTest.framework */ = {isa = PBXFileReference; lastKnownFileType = wrapper.framework; name = XCTest.framework; path = Library/Frameworks/XCTest.framework; sourceTree = DEVELOPER_DIR; };
		84CC32CD1896793E0094A34F /* naukaTests-Info.plist */ = {isa = PBXFileReference; lastKnownFileType = text.plist.xml; path = "naukaTests-Info.plist"; sourceTree = "<group>"; };
		84CC32CF1896793E0094A34F /* en */ = {isa = PBXFileReference; lastKnownFileType = text.plist.strings; name = en; path = en.lproj/InfoPlist.strings; sourceTree = "<group>"; };
		84CC32D11896793E0094A34F /* naukaTests.m */ = {isa = PBXFileReference; lastKnownFileType = sourcecode.c.objc; path = naukaTests.m; sourceTree = "<group>"; };
		84CC32DB18967C210094A34F /* Osoba.h */ = {isa = PBXFileReference; fileEncoding = 4; lastKnownFileType = sourcecode.c.h; name = Osoba.h; path = ../Osoba.h; sourceTree = "<group>"; };
		84CC32DC18967C210094A34F /* Osoba.m */ = {isa = PBXFileReference; fileEncoding = 4; lastKnownFileType = sourcecode.c.objc; name = Osoba.m; path = ../Osoba.m; sourceTree = "<group>"; };
		84CC32DE189683100094A34F /* Student.h */ = {isa = PBXFileReference; fileEncoding = 4; lastKnownFileType = sourcecode.c.h; name = Student.h; path = ../Student.h; sourceTree = "<group>"; };
		84CC32DF189683100094A34F /* Student.m */ = {isa = PBXFileReference; fileEncoding = 4; lastKnownFileType = sourcecode.c.objc; name = Student.m; path = ../Student.m; sourceTree = "<group>"; };
/* End PBXFileReference section */

/* Begin PBXFrameworksBuildPhase section */
		84CC329D1896793E0094A34F /* Frameworks */ = {
			isa = PBXFrameworksBuildPhase;
			buildActionMask = 2147483647;
			files = (
				84CC32A61896793E0094A34F /* CoreGraphics.framework in Frameworks */,
				84CC32A81896793E0094A34F /* UIKit.framework in Frameworks */,
				84CC32A41896793E0094A34F /* Foundation.framework in Frameworks */,
			);
			runOnlyForDeploymentPostprocessing = 0;
		};
		84CC32C11896793E0094A34F /* Frameworks */ = {
			isa = PBXFrameworksBuildPhase;
			buildActionMask = 2147483647;
			files = (
				84CC32C61896793E0094A34F /* XCTest.framework in Frameworks */,
				84CC32C81896793E0094A34F /* UIKit.framework in Frameworks */,
				84CC32C71896793E0094A34F /* Foundation.framework in Frameworks */,
			);
			runOnlyForDeploymentPostprocessing = 0;
		};
/* End PBXFrameworksBuildPhase section */

/* Begin PBXGroup section */
		84CC32971896793D0094A34F = {
			isa = PBXGroup;
			children = (
				84CC32A91896793E0094A34F /* nauka */,
				84CC32CB1896793E0094A34F /* naukaTests */,
				84CC32A21896793E0094A34F /* Frameworks */,
				84CC32A11896793E0094A34F /* Products */,
			);
			sourceTree = "<group>";
		};
		84CC32A11896793E0094A34F /* Products */ = {
			isa = PBXGroup;
			children = (
				84CC32A01896793E0094A34F /* nauka.app */,
				84CC32C41896793E0094A34F /* naukaTests.xctest */,
			);
			name = Products;
			sourceTree = "<group>";
		};
		84CC32A21896793E0094A34F /* Frameworks */ = {
			isa = PBXGroup;
			children = (
				84CC32A31896793E0094A34F /* Foundation.framework */,
				84CC32A51896793E0094A34F /* CoreGraphics.framework */,
				84CC32A71896793E0094A34F /* UIKit.framework */,
				84CC32C51896793E0094A34F /* XCTest.framework */,
			);
			name = Frameworks;
			sourceTree = "<group>";
		};
		84CC32A91896793E0094A34F /* nauka */ = {
			isa = PBXGroup;
			children = (
				84CC32B21896793E0094A34F /* AppDelegate.h */,
				84CC32B31896793E0094A34F /* AppDelegate.m */,
				84CC32B51896793E0094A34F /* Main_iPhone.storyboard */,
				84CC32B81896793E0094A34F /* Main_iPad.storyboard */,
				84CC32BB1896793E0094A34F /* ViewController.h */,
				84CC32BC1896793E0094A34F /* ViewController.m */,
				84CC32DE189683100094A34F /* Student.h */,
				84CC32DF189683100094A34F /* Student.m */,
				84CC32DB18967C210094A34F /* Osoba.h */,
				84CC32DC18967C210094A34F /* Osoba.m */,
				84CC32BE1896793E0094A34F /* Images.xcassets */,
				84CC32AA1896793E0094A34F /* Supporting Files */,
			);
			path = nauka;
			sourceTree = "<group>";
		};
		84CC32AA1896793E0094A34F /* Supporting Files */ = {
			isa = PBXGroup;
			children = (
				84CC32AB1896793E0094A34F /* nauka-Info.plist */,
				84CC32AC1896793E0094A34F /* InfoPlist.strings */,
				84CC32AF1896793E0094A34F /* main.m */,
				84CC32B11896793E0094A34F /* nauka-Prefix.pch */,
			);
			name = "Supporting Files";
			sourceTree = "<group>";
		};
		84CC32CB1896793E0094A34F /* naukaTests */ = {
			isa = PBXGroup;
			children = (
				84CC32D11896793E0094A34F /* naukaTests.m */,
				84CC32CC1896793E0094A34F /* Supporting Files */,
			);
			path = naukaTests;
			sourceTree = "<group>";
		};
		84CC32CC1896793E0094A34F /* Supporting Files */ = {
			isa = PBXGroup;
			children = (
				84CC32CD1896793E0094A34F /* naukaTests-Info.plist */,
				84CC32CE1896793E0094A34F /* InfoPlist.strings */,
			);
			name = "Supporting Files";
			sourceTree = "<group>";
		};
/* End PBXGroup section */

/* Begin PBXNativeTarget section */
		84CC329F1896793E0094A34F /* nauka */ = {
			isa = PBXNativeTarget;
			buildConfigurationList = 84CC32D51896793E0094A34F /* Build configuration list for PBXNativeTarget "nauka" */;
			buildPhases = (
				84CC329C1896793E0094A34F /* Sources */,
				84CC329D1896793E0094A34F /* Frameworks */,
				84CC329E1896793E0094A34F /* Resources */,
			);
			buildRules = (
			);
			dependencies = (
			);
			name = nauka;
			productName = nauka;
			productReference = 84CC32A01896793E0094A34F /* nauka.app */;
			productType = "com.apple.product-type.application";
		};
		84CC32C31896793E0094A34F /* naukaTests */ = {
			isa = PBXNativeTarget;
			buildConfigurationList = 84CC32D81896793E0094A34F /* Build configuration list for PBXNativeTarget "naukaTests" */;
			buildPhases = (
				84CC32C01896793E0094A34F /* Sources */,
				84CC32C11896793E0094A34F /* Frameworks */,
				84CC32C21896793E0094A34F /* Resources */,
			);
			buildRules = (
			);
			dependencies = (
				84CC32CA1896793E0094A34F /* PBXTargetDependency */,
			);
			name = naukaTests;
			productName = naukaTests;
			productReference = 84CC32C41896793E0094A34F /* naukaTests.xctest */;
			productType = "com.apple.product-type.bundle.unit-test";
		};
/* End PBXNativeTarget section */

/* Begin PBXProject section */
		84CC32981896793D0094A34F /* Project object */ = {
			isa = PBXProject;
			attributes = {
				LastUpgradeCheck = 0500;
				ORGANIZATIONNAME = "Robert Baran";
				TargetAttributes = {
					84CC329F1896793E0094A34F = {
						DevelopmentTeam = 4P3SYPD634;
					};
					84CC32C31896793E0094A34F = {
						TestTargetID = 84CC329F1896793E0094A34F;
					};
				};
			};
			buildConfigurationList = 84CC329B1896793D0094A34F /* Build configuration list for PBXProject "nauka" */;
			compatibilityVersion = "Xcode 3.2";
			developmentRegion = English;
			hasScannedForEncodings = 0;
			knownRegions = (
				en,
				Base,
			);
			mainGroup = 84CC32971896793D0094A34F;
			productRefGroup = 84CC32A11896793E0094A34F /* Products */;
			projectDirPath = "";
			projectRoot = "";
			targets = (
				84CC329F1896793E0094A34F /* nauka */,
				84CC32C31896793E0094A34F /* naukaTests */,
			);
		};
/* End PBXProject section */

/* Begin PBXResourcesBuildPhase section */
		84CC329E1896793E0094A34F /* Resources */ = {
			isa = PBXResourcesBuildPhase;
			buildActionMask = 2147483647;
			files = (
				84CC32BA1896793E0094A34F /* Main_iPad.storyboard in Resources */,
				84CC32BF1896793E0094A34F /* Images.xcassets in Resources */,
				84CC32B71896793E0094A34F /* Main_iPhone.storyboard in Resources */,
				84CC32AE1896793E0094A34F /* InfoPlist.strings in Resources */,
			);
			runOnlyForDeploymentPostprocessing = 0;
		};
		84CC32C21896793E0094A34F /* Resources */ = {
			isa = PBXResourcesBuildPhase;
			buildActionMask = 2147483647;
			files = (
				84CC32D01896793E0094A34F /* InfoPlist.strings in Resources */,
			);
			runOnlyForDeploymentPostprocessing = 0;
		};
/* End PBXResourcesBuildPhase section */

/* Begin PBXSourcesBuildPhase section */
		84CC329C1896793E0094A34F /* Sources */ = {
			isa = PBXSourcesBuildPhase;
			buildActionMask = 2147483647;
			files = (
				84CC32BD1896793E0094A34F /* ViewController.m in Sources */,
				84CC32B41896793E0094A34F /* AppDelegate.m in Sources */,
				84CC32E0189683100094A34F /* Student.m in Sources */,
				84CC32DD18967C210094A34F /* Osoba.m in Sources */,
				84CC32B01896793E0094A34F /* main.m in Sources */,
			);
			runOnlyForDeploymentPostprocessing = 0;
		};
		84CC32C01896793E0094A34F /* Sources */ = {
			isa = PBXSourcesBuildPhase;
			buildActionMask = 2147483647;
			files = (
				84CC32D21896793E0094A34F /* naukaTests.m in Sources */,
			);
			runOnlyForDeploymentPostprocessing = 0;
		};
/* End PBXSourcesBuildPhase section */

/* Begin PBXTargetDependency section */
		84CC32CA1896793E0094A34F /* PBXTargetDependency */ = {
			isa = PBXTargetDependency;
			target = 84CC329F1896793E0094A34F /* nauka */;
			targetProxy = 84CC32C91896793E0094A34F /* PBXContainerItemProxy */;
		};
/* End PBXTargetDependency section */

/* Begin PBXVariantGroup section */
		84CC32AC1896793E0094A34F /* InfoPlist.strings */ = {
			isa = PBXVariantGroup;
			children = (
				84CC32AD1896793E0094A34F /* en */,
			);
			name = InfoPlist.strings;
			sourceTree = "<group>";
		};
		84CC32B51896793E0094A34F /* Main_iPhone.storyboard */ = {
			isa = PBXVariantGroup;
			children = (
				84CC32B61896793E0094A34F /* Base */,
			);
			name = Main_iPhone.storyboard;
			sourceTree = "<group>";
		};
		84CC32B81896793E0094A34F /* Main_iPad.storyboard */ = {
			isa = PBXVariantGroup;
			children = (
				84CC32B91896793E0094A34F /* Base */,
			);
			name = Main_iPad.storyboard;
			sourceTree = "<group>";
		};
		84CC32CE1896793E0094A34F /* InfoPlist.strings */ = {
			isa = PBXVariantGroup;
			children = (
				84CC32CF1896793E0094A34F /* en */,
			);
			name = InfoPlist.strings;
			sourceTree = "<group>";
		};
/* End PBXVariantGroup section */

/* Begin XCBuildConfiguration section */
		84CC32D31896793E0094A34F /* Debug */ = {
			isa = XCBuildConfiguration;
			buildSettings = {
				ALWAYS_SEARCH_USER_PATHS = NO;
				ARCHS = "$(ARCHS_STANDARD_INCLUDING_64_BIT)";
				CLANG_CXX_LANGUAGE_STANDARD = "gnu++0x";
				CLANG_CXX_LIBRARY = "libc++";
				CLANG_ENABLE_MODULES = YES;
				CLANG_ENABLE_OBJC_ARC = YES;
				CLANG_WARN_BOOL_CONVERSION = YES;
				CLANG_WARN_CONSTANT_CONVERSION = YES;
				CLANG_WARN_DIRECT_OBJC_ISA_USAGE = YES_ERROR;
				CLANG_WARN_EMPTY_BODY = YES;
				CLANG_WARN_ENUM_CONVERSION = YES;
				CLANG_WARN_INT_CONVERSION = YES;
				CLANG_WARN_OBJC_ROOT_CLASS = YES_ERROR;
				CLANG_WARN__DUPLICATE_METHOD_MATCH = YES;
				"CODE_SIGN_IDENTITY[sdk=iphoneos*]" = "iPhone Developer";
				COPY_PHASE_STRIP = NO;
				GCC_C_LANGUAGE_STANDARD = gnu99;
				GCC_DYNAMIC_NO_PIC = NO;
				GCC_OPTIMIZATION_LEVEL = 0;
				GCC_PREPROCESSOR_DEFINITIONS = (
					"DEBUG=1",
					"$(inherited)",
				);
				GCC_SYMBOLS_PRIVATE_EXTERN = NO;
				GCC_WARN_64_TO_32_BIT_CONVERSION = YES;
				GCC_WARN_ABOUT_RETURN_TYPE = YES_ERROR;
				GCC_WARN_UNDECLARED_SELECTOR = YES;
				GCC_WARN_UNINITIALIZED_AUTOS = YES;
				GCC_WARN_UNUSED_FUNCTION = YES;
				GCC_WARN_UNUSED_VARIABLE = YES;
				IPHONEOS_DEPLOYMENT_TARGET = 7.0;
				ONLY_ACTIVE_ARCH = YES;
				SDKROOT = iphoneos;
				TARGETED_DEVICE_FAMILY = "1,2";
			};
			name = Debug;
		};
		84CC32D41896793E0094A34F /* Release */ = {
			isa = XCBuildConfiguration;
			buildSettings = {
				ALWAYS_SEARCH_USER_PATHS = NO;
				ARCHS = "$(ARCHS_STANDARD_INCLUDING_64_BIT)";
				CLANG_CXX_LANGUAGE_STANDARD = "gnu++0x";
				CLANG_CXX_LIBRARY = "libc++";
				CLANG_ENABLE_MODULES = YES;
				CLANG_ENABLE_OBJC_ARC = YES;
				CLANG_WARN_BOOL_CONVERSION = YES;
				CLANG_WARN_CONSTANT_CONVERSION = YES;
				CLANG_WARN_DIRECT_OBJC_ISA_USAGE = YES_ERROR;
				CLANG_WARN_EMPTY_BODY = YES;
				CLANG_WARN_ENUM_CONVERSION = YES;
				CLANG_WARN_INT_CONVERSION = YES;
				CLANG_WARN_OBJC_ROOT_CLASS = YES_ERROR;
				CLANG_WARN__DUPLICATE_METHOD_MATCH = YES;
				"CODE_SIGN_IDENTITY[sdk=iphoneos*]" = "iPhone Developer";
				COPY_PHASE_STRIP = YES;
				ENABLE_NS_ASSERTIONS = NO;
				GCC_C_LANGUAGE_STANDARD = gnu99;
				GCC_WARN_64_TO_32_BIT_CONVERSION = YES;
				GCC_WARN_ABOUT_RETURN_TYPE = YES_ERROR;
				GCC_WARN_UNDECLARED_SELECTOR = YES;
				GCC_WARN_UNINITIALIZED_AUTOS = YES;
				GCC_WARN_UNUSED_FUNCTION = YES;
				GCC_WARN_UNUSED_VARIABLE = YES;
				IPHONEOS_DEPLOYMENT_TARGET = 7.0;
				SDKROOT = iphoneos;
				TARGETED_DEVICE_FAMILY = "1,2";
				VALIDATE_PRODUCT = YES;
			};
			name = Release;
		};
		84CC32D61896793E0094A34F /* Debug */ = {
			isa = XCBuildConfiguration;
			buildSettings = {
				ASSETCATALOG_COMPILER_APPICON_NAME = AppIcon;
				ASSETCATALOG_COMPILER_LAUNCHIMAGE_NAME = LaunchImage;
				CODE_SIGN_IDENTITY = "iPhone Developer";
				GCC_PRECOMPILE_PREFIX_HEADER = YES;
				GCC_PREFIX_HEADER = "nauka/nauka-Prefix.pch";
				INFOPLIST_FILE = "nauka/nauka-Info.plist";
				PRODUCT_NAME = "$(TARGET_NAME)";
				WRAPPER_EXTENSION = app;
			};
			name = Debug;
		};
		84CC32D71896793E0094A34F /* Release */ = {
			isa = XCBuildConfiguration;
			buildSettings = {
				ASSETCATALOG_COMPILER_APPICON_NAME = AppIcon;
				ASSETCATALOG_COMPILER_LAUNCHIMAGE_NAME = LaunchImage;
				CODE_SIGN_IDENTITY = "iPhone Developer";
				GCC_PRECOMPILE_PREFIX_HEADER = YES;
				GCC_PREFIX_HEADER = "nauka/nauka-Prefix.pch";
				INFOPLIST_FILE = "nauka/nauka-Info.plist";
				PRODUCT_NAME = "$(TARGET_NAME)";
				WRAPPER_EXTENSION = app;
			};
			name = Release;
		};
		84CC32D91896793E0094A34F /* Debug */ = {
			isa = XCBuildConfiguration;
			buildSettings = {
				ARCHS = "$(ARCHS_STANDARD_INCLUDING_64_BIT)";
				BUNDLE_LOADER = "$(BUILT_PRODUCTS_DIR)/nauka.app/nauka";
				FRAMEWORK_SEARCH_PATHS = (
					"$(SDKROOT)/Developer/Library/Frameworks",
					"$(inherited)",
					"$(DEVELOPER_FRAMEWORKS_DIR)",
				);
				GCC_PRECOMPILE_PREFIX_HEADER = YES;
				GCC_PREFIX_HEADER = "nauka/nauka-Prefix.pch";
				GCC_PREPROCESSOR_DEFINITIONS = (
					"DEBUG=1",
					"$(inherited)",
				);
				INFOPLIST_FILE = "naukaTests/naukaTests-Info.plist";
				PRODUCT_NAME = "$(TARGET_NAME)";
				TEST_HOST = "$(BUNDLE_LOADER)";
				WRAPPER_EXTENSION = xctest;
			};
			name = Debug;
		};
		84CC32DA1896793E0094A34F /* Release */ = {
			isa = XCBuildConfiguration;
			buildSettings = {
				ARCHS = "$(ARCHS_STANDARD_INCLUDING_64_BIT)";
				BUNDLE_LOADER = "$(BUILT_PRODUCTS_DIR)/nauka.app/nauka";
				FRAMEWORK_SEARCH_PATHS = (
					"$(SDKROOT)/Developer/Library/Frameworks",
					"$(inherited)",
					"$(DEVELOPER_FRAMEWORKS_DIR)",
				);
				GCC_PRECOMPILE_PREFIX_HEADER = YES;
				GCC_PREFIX_HEADER = "nauka/nauka-Prefix.pch";
				INFOPLIST_FILE = "naukaTests/naukaTests-Info.plist";
				PRODUCT_NAME = "$(TARGET_NAME)";
				TEST_HOST = "$(BUNDLE_LOADER)";
				WRAPPER_EXTENSION = xctest;
			};
			name = Release;
		};
/* End XCBuildConfiguration section */

/* Begin XCConfigurationList section */
		84CC329B1896793D0094A34F /* Build configuration list for PBXProject "nauka" */ = {
			isa = XCConfigurationList;
			buildConfigurations = (
				84CC32D31896793E0094A34F /* Debug */,
				84CC32D41896793E0094A34F /* Release */,
			);
			defaultConfigurationIsVisible = 0;
			defaultConfigurationName = Release;
		};
		84CC32D51896793E0094A34F /* Build configuration list for PBXNativeTarget "nauka" */ = {
			isa = XCConfigurationList;
			buildConfigurations = (
				84CC32D61896793E0094A34F /* Debug */,
				84CC32D71896793E0094A34F /* Release */,
			);
			defaultConfigurationIsVisible = 0;
			defaultConfigurationName = Release;
		};
		84CC32D81896793E0094A34F /* Build configuration list for PBXNativeTarget "naukaTests" */ = {
			isa = XCConfigurationList;
			buildConfigurations = (
				84CC32D91896793E0094A34F /* Debug */,
				84CC32DA1896793E0094A34F /* Release */,
			);
			defaultConfigurationIsVisible = 0;
			defaultConfigurationName = Release;
		};
/* End XCConfigurationList section */
	};
	rootObject = 84CC32981896793D0094A34F /* Project object */;
}
